
Microsoft Visual Studio Solution File, Format Version 12.00
# Visual Studio Version 16
VisualStudioVersion = 16.0.31410.357
MinimumVisualStudioVersion = 10.0.40219.1
Project("{FAE04EC0-301F-11D3-BF4B-00C04F79EFBC}") = "TelebeQiymetSistemi", "TelebeQiymetSistemi\TelebeQiymetSistemi.csproj", "{74E9E249-748B-4985-94D7-53CA5C33F4D2}"
EndProject
Global
	GlobalSection(SolutionConfigurationPlatforms) = preSolution
		Debug|Any CPU = Debug|Any CPU
		Release|Any CPU = Release|Any CPU
	EndGlobalSection
	GlobalSection(ProjectConfigurationPlatforms) = postSolution
		{74E9E249-748B-4985-94D7-53CA5C33F4D2}.Debug|Any CPU.ActiveCfg = Debug|Any CPU
		{74E9E249-748B-4985-94D7-53CA5C33F4D2}.Debug|Any CPU.Build.0 = Debug|Any CPU
		{74E9E249-748B-4985-94D7-53CA5C33F4D2}.Release|Any CPU.ActiveCfg = Release|Any CPU
		{74E9E249-748B-4985-94D7-53CA5C33F4D2}.Release|Any CPU.Build.0 = Release|Any CPU
	EndGlobalSection
	GlobalSection(SolutionProperties) = preSolution
		HideSolutionNode = FALSE
	EndGlobalSection
	GlobalSection(ExtensibilityGlobals) = postSolution
		SolutionGuid = {ACDC8142-79B8-426D-B827-3FA59342F350}
	EndGlobalSection
EndGlobal
